<?xml version="1.0" encoding="utf-8"?>
<Project ToolsVersion="4.0" xmlns="http://schemas.microsoft.com/developer/msbuild/2003">
  <ItemGroup>
    <Filter Include="Source Files">
      <UniqueIdentifier>{4FC737F1-C7A5-4376-A066-2A32D752A2FF}</UniqueIdentifier>
      <Extensions>cpp;c;cc;cxx;c++;def;odl;idl;hpj;bat;asm;asmx</Extensions>
    </Filter>
    <Filter Include="Header Files">
      <UniqueIdentifier>{93995380-89BD-4b04-88EB-625FBE52EBFB}</UniqueIdentifier>
      <Extensions>h;hh;hpp;hxx;h++;hm;inl;inc;ipp;xsd</Extensions>
    </Filter>
    <Filter Include="Resource Files">
      <UniqueIdentifier>{67DA6AB6-F800-4c08-8B7A-83BB121AAD01}</UniqueIdentifier>
      <Extensions>rc;ico;cur;bmp;dlg;rc2;rct;bin;rgs;gif;jpg;jpeg;jpe;resx;tiff;tif;png;wav;mfcribbon-ms</Extensions>
    </Filter>
    <Filter Include="Resource Files\BasicCad">
      <UniqueIdentifier>{0de0e3ad-4279-44fe-abc6-b855a4f39dde}</UniqueIdentifier>
    </Filter>
    <Filter Include="Resource Files\Car">
      <UniqueIdentifier>{590d8de4-4552-484d-b4ee-e5a995012423}</UniqueIdentifier>
    </Filter>
    <Filter Include="Resource Files\Texture">
      <UniqueIdentifier>{49036943-3809-4730-aa9e-a75abb865bb5}</UniqueIdentifier>
    </Filter>
  </ItemGroup>
  <ItemGroup>
    <ClCompile Include="Car_Final_02.cpp">
      <Filter>Source Files</Filter>
    </ClCompile>
    <ClCompile Include="BasicCad.cpp">
      <Filter>Resource Files\BasicCad</Filter>
    </ClCompile>
    <ClCompile Include="Texture.cpp">
      <Filter>Resource Files\Texture</Filter>
    </ClCompile>
    <ClCompile Include="Car.cpp">
      <Filter>Resource Files\Car</Filter>
    </ClCompile>
  </ItemGroup>
  <ItemGroup>
    <ClInclude Include="Header.h">
      <Filter>Header Files</Filter>
    </ClInclude>
    <ClInclude Include="BasicCad.h">
      <Filter>Resource Files\BasicCad</Filter>
    </ClInclude>
    <ClInclude Include="Texture.h">
      <Filter>Resource Files\Texture</Filter>
    </ClInclude>
    <ClInclude Include="Car.h">
      <Filter>Resource Files\Car</Filter>
    </ClInclude>
  </ItemGroup>
  <ItemGroup>
    <None Include="packages.config" />
  </ItemGroup>
</Project>